// !$*UTF8*$!
{
	archiveVersion = 1;
	classes = {
	};
	objectVersion = 56;
	objects = {

/* Begin PBXBuildFile section */
		D9731B592AA4293600978063 /* AppDelegate.m in Sources */ = {isa = PBXBuildFile; fileRef = D9731B582AA4293600978063 /* AppDelegate.m */; };
		D9731B5C2AA4293600978063 /* SceneDelegate.m in Sources */ = {isa = PBXBuildFile; fileRef = D9731B5B2AA4293600978063 /* SceneDelegate.m */; };
		D9731B5F2AA4293600978063 /* LabelAndTextFieldTestViewController.m in Sources */ = {isa = PBXBuildFile; fileRef = D9731B5E2AA4293600978063 /* LabelAndTextFieldTestViewController.m */; };
		D9731B622AA4293600978063 /* Main.storyboard in Resources */ = {isa = PBXBuildFile; fileRef = D9731B602AA4293600978063 /* Main.storyboard */; };
		D9731B642AA4293700978063 /* Assets.xcassets in Resources */ = {isa = PBXBuildFile; fileRef = D9731B632AA4293700978063 /* Assets.xcassets */; };
		D9731B672AA4293700978063 /* LaunchScreen.storyboard in Resources */ = {isa = PBXBuildFile; fileRef = D9731B652AA4293700978063 /* LaunchScreen.storyboard */; };
		D9731B6A2AA4293700978063 /* main.m in Sources */ = {isa = PBXBuildFile; fileRef = D9731B692AA4293700978063 /* main.m */; };
		D974CCA62C2BAF8B00E4B9CC /* AlertActionSheetTestViewController.m in Sources */ = {isa = PBXBuildFile; fileRef = D974CCA52C2BAF8B00E4B9CC /* AlertActionSheetTestViewController.m */; };
		D974CCA92C2BCA4E00E4B9CC /* ActivityIndicatorProgressViewController.m in Sources */ = {isa = PBXBuildFile; fileRef = D974CCA82C2BCA4E00E4B9CC /* ActivityIndicatorProgressViewController.m */; };
		D974CCAC2C2E637E00E4B9CC /* ToolbarTestViewController.m in Sources */ = {isa = PBXBuildFile; fileRef = D974CCAB2C2E637E00E4B9CC /* ToolbarTestViewController.m */; };
		D974CCAF2C2E692900E4B9CC /* NavigationBarTestViewController.m in Sources */ = {isa = PBXBuildFile; fileRef = D974CCAE2C2E692900E4B9CC /* NavigationBarTestViewController.m */; };
		D9B471B32C3B91C200255731 /* DatePickerTestViewController.m in Sources */ = {isa = PBXBuildFile; fileRef = D9B471B22C3B91C200255731 /* DatePickerTestViewController.m */; };
		D9B8EEC02C29257F005C8710 /* ViewController.m in Sources */ = {isa = PBXBuildFile; fileRef = D9B8EEBF2C29257F005C8710 /* ViewController.m */; };
		D9B8EEC22C2959E7005C8710 /* SwitchSlideSegmentedControlTestViewController.m in Sources */ = {isa = PBXBuildFile; fileRef = D93C86C22C213DFA0092B7E9 /* SwitchSlideSegmentedControlTestViewController.m */; };
		D9B8EEC32C295B2B005C8710 /* WebViewTestViewController.m in Sources */ = {isa = PBXBuildFile; fileRef = D93C86DF2C228BDD0092B7E9 /* WebViewTestViewController.m */; };
		D9B8EEE62C295E72005C8710 /* index.html in Resources */ = {isa = PBXBuildFile; fileRef = D93C86EF2C22AB850092B7E9 /* index.html */; };
		D9C284CC2AADE500000ACD04 /* AppDelegate.m in Sources */ = {isa = PBXBuildFile; fileRef = D9C284CB2AADE500000ACD04 /* AppDelegate.m */; };
		D9C284CF2AADE500000ACD04 /* SceneDelegate.m in Sources */ = {isa = PBXBuildFile; fileRef = D9C284CE2AADE500000ACD04 /* SceneDelegate.m */; };
		D9C284D72AADE501000ACD04 /* Assets.xcassets in Resources */ = {isa = PBXBuildFile; fileRef = D9C284D62AADE501000ACD04 /* Assets.xcassets */; };
		D9C284DA2AADE501000ACD04 /* LaunchScreen.storyboard in Resources */ = {isa = PBXBuildFile; fileRef = D9C284D82AADE501000ACD04 /* LaunchScreen.storyboard */; };
		D9C284DD2AADE501000ACD04 /* main.m in Sources */ = {isa = PBXBuildFile; fileRef = D9C284DC2AADE501000ACD04 /* main.m */; };
		D9C284E92AADE66B000ACD04 /* ViewController.m in Sources */ = {isa = PBXBuildFile; fileRef = D9C284E72AADE66B000ACD04 /* ViewController.m */; };
		D9C284EA2AADE66B000ACD04 /* RootViewController.xib in Resources */ = {isa = PBXBuildFile; fileRef = D9C284E82AADE66B000ACD04 /* RootViewController.xib */; };
/* End PBXBuildFile section */

/* Begin PBXFileReference section */
		D93C86C12C213DFA0092B7E9 /* SwitchSlideSegmentedControlTestViewController.h */ = {isa = PBXFileReference; lastKnownFileType = sourcecode.c.h; path = SwitchSlideSegmentedControlTestViewController.h; sourceTree = "<group>"; };
		D93C86C22C213DFA0092B7E9 /* SwitchSlideSegmentedControlTestViewController.m */ = {isa = PBXFileReference; lastKnownFileType = sourcecode.c.objc; path = SwitchSlideSegmentedControlTestViewController.m; sourceTree = "<group>"; };
		D93C86DE2C228BDD0092B7E9 /* WebViewTestViewController.h */ = {isa = PBXFileReference; lastKnownFileType = sourcecode.c.h; path = WebViewTestViewController.h; sourceTree = "<group>"; };
		D93C86DF2C228BDD0092B7E9 /* WebViewTestViewController.m */ = {isa = PBXFileReference; lastKnownFileType = sourcecode.c.objc; path = WebViewTestViewController.m; sourceTree = "<group>"; };
		D93C86EF2C22AB850092B7E9 /* index.html */ = {isa = PBXFileReference; lastKnownFileType = text.html; path = index.html; sourceTree = "<group>"; };
		D9731B542AA4293600978063 /* HelloIOS.app */ = {isa = PBXFileReference; explicitFileType = wrapper.application; includeInIndex = 0; path = HelloIOS.app; sourceTree = BUILT_PRODUCTS_DIR; };
		D9731B572AA4293600978063 /* AppDelegate.h */ = {isa = PBXFileReference; lastKnownFileType = sourcecode.c.h; path = AppDelegate.h; sourceTree = "<group>"; };
		D9731B582AA4293600978063 /* AppDelegate.m */ = {isa = PBXFileReference; lastKnownFileType = sourcecode.c.objc; path = AppDelegate.m; sourceTree = "<group>"; };
		D9731B5A2AA4293600978063 /* SceneDelegate.h */ = {isa = PBXFileReference; lastKnownFileType = sourcecode.c.h; path = SceneDelegate.h; sourceTree = "<group>"; };
		D9731B5B2AA4293600978063 /* SceneDelegate.m */ = {isa = PBXFileReference; lastKnownFileType = sourcecode.c.objc; path = SceneDelegate.m; sourceTree = "<group>"; };
		D9731B5D2AA4293600978063 /* LabelAndTextFieldTestViewController.h */ = {isa = PBXFileReference; lastKnownFileType = sourcecode.c.h; path = LabelAndTextFieldTestViewController.h; sourceTree = "<group>"; };
		D9731B5E2AA4293600978063 /* LabelAndTextFieldTestViewController.m */ = {isa = PBXFileReference; lastKnownFileType = sourcecode.c.objc; path = LabelAndTextFieldTestViewController.m; sourceTree = "<group>"; };
		D9731B612AA4293600978063 /* Base */ = {isa = PBXFileReference; lastKnownFileType = file.storyboard; name = Base; path = Base.lproj/Main.storyboard; sourceTree = "<group>"; };
		D9731B632AA4293700978063 /* Assets.xcassets */ = {isa = PBXFileReference; lastKnownFileType = folder.assetcatalog; path = Assets.xcassets; sourceTree = "<group>"; };
		D9731B662AA4293700978063 /* Base */ = {isa = PBXFileReference; lastKnownFileType = file.storyboard; name = Base; path = Base.lproj/LaunchScreen.storyboard; sourceTree = "<group>"; };
		D9731B682AA4293700978063 /* Info.plist */ = {isa = PBXFileReference; lastKnownFileType = text.plist.xml; path = Info.plist; sourceTree = "<group>"; };
		D9731B692AA4293700978063 /* main.m */ = {isa = PBXFileReference; lastKnownFileType = sourcecode.c.objc; path = main.m; sourceTree = "<group>"; };
		D974CCA42C2BAF8B00E4B9CC /* AlertActionSheetTestViewController.h */ = {isa = PBXFileReference; lastKnownFileType = sourcecode.c.h; path = AlertActionSheetTestViewController.h; sourceTree = "<group>"; };
		D974CCA52C2BAF8B00E4B9CC /* AlertActionSheetTestViewController.m */ = {isa = PBXFileReference; lastKnownFileType = sourcecode.c.objc; path = AlertActionSheetTestViewController.m; sourceTree = "<group>"; };
		D974CCA72C2BCA4E00E4B9CC /* ActivityIndicatorProgressViewController.h */ = {isa = PBXFileReference; lastKnownFileType = sourcecode.c.h; path = ActivityIndicatorProgressViewController.h; sourceTree = "<group>"; };
		D974CCA82C2BCA4E00E4B9CC /* ActivityIndicatorProgressViewController.m */ = {isa = PBXFileReference; lastKnownFileType = sourcecode.c.objc; path = ActivityIndicatorProgressViewController.m; sourceTree = "<group>"; };
		D974CCAA2C2E637E00E4B9CC /* ToolbarTestViewController.h */ = {isa = PBXFileReference; lastKnownFileType = sourcecode.c.h; path = ToolbarTestViewController.h; sourceTree = "<group>"; };
		D974CCAB2C2E637E00E4B9CC /* ToolbarTestViewController.m */ = {isa = PBXFileReference; lastKnownFileType = sourcecode.c.objc; path = ToolbarTestViewController.m; sourceTree = "<group>"; };
		D974CCAD2C2E692900E4B9CC /* NavigationBarTestViewController.h */ = {isa = PBXFileReference; lastKnownFileType = sourcecode.c.h; path = NavigationBarTestViewController.h; sourceTree = "<group>"; };
		D974CCAE2C2E692900E4B9CC /* NavigationBarTestViewController.m */ = {isa = PBXFileReference; lastKnownFileType = sourcecode.c.objc; path = NavigationBarTestViewController.m; sourceTree = "<group>"; };
		D9B471B12C3B91C200255731 /* DatePickerTestViewController.h */ = {isa = PBXFileReference; lastKnownFileType = sourcecode.c.h; path = DatePickerTestViewController.h; sourceTree = "<group>"; };
		D9B471B22C3B91C200255731 /* DatePickerTestViewController.m */ = {isa = PBXFileReference; lastKnownFileType = sourcecode.c.objc; path = DatePickerTestViewController.m; sourceTree = "<group>"; };
		D9B8EEBE2C29257F005C8710 /* ViewController.h */ = {isa = PBXFileReference; lastKnownFileType = sourcecode.c.h; path = ViewController.h; sourceTree = "<group>"; };
		D9B8EEBF2C29257F005C8710 /* ViewController.m */ = {isa = PBXFileReference; lastKnownFileType = sourcecode.c.objc; path = ViewController.m; sourceTree = "<group>"; };
		D9C284C82AADE500000ACD04 /* XibTest.app */ = {isa = PBXFileReference; explicitFileType = wrapper.application; includeInIndex = 0; path = XibTest.app; sourceTree = BUILT_PRODUCTS_DIR; };
		D9C284CA2AADE500000ACD04 /* AppDelegate.h */ = {isa = PBXFileReference; lastKnownFileType = sourcecode.c.h; path = AppDelegate.h; sourceTree = "<group>"; };
		D9C284CB2AADE500000ACD04 /* AppDelegate.m */ = {isa = PBXFileReference; lastKnownFileType = sourcecode.c.objc; path = AppDelegate.m; sourceTree = "<group>"; };
		D9C284CD2AADE500000ACD04 /* SceneDelegate.h */ = {isa = PBXFileReference; lastKnownFileType = sourcecode.c.h; path = SceneDelegate.h; sourceTree = "<group>"; };
		D9C284CE2AADE500000ACD04 /* SceneDelegate.m */ = {isa = PBXFileReference; lastKnownFileType = sourcecode.c.objc; path = SceneDelegate.m; sourceTree = "<group>"; };
		D9C284D62AADE501000ACD04 /* Assets.xcassets */ = {isa = PBXFileReference; lastKnownFileType = folder.assetcatalog; path = Assets.xcassets; sourceTree = "<group>"; };
		D9C284D92AADE501000ACD04 /* Base */ = {isa = PBXFileReference; lastKnownFileType = file.storyboard; name = Base; path = Base.lproj/LaunchScreen.storyboard; sourceTree = "<group>"; };
		D9C284DB2AADE501000ACD04 /* Info.plist */ = {isa = PBXFileReference; lastKnownFileType = text.plist.xml; path = Info.plist; sourceTree = "<group>"; };
		D9C284DC2AADE501000ACD04 /* main.m */ = {isa = PBXFileReference; lastKnownFileType = sourcecode.c.objc; path = main.m; sourceTree = "<group>"; };
		D9C284E62AADE66B000ACD04 /* ViewController.h */ = {isa = PBXFileReference; lastKnownFileType = sourcecode.c.h; path = ViewController.h; sourceTree = "<group>"; };
		D9C284E72AADE66B000ACD04 /* ViewController.m */ = {isa = PBXFileReference; lastKnownFileType = sourcecode.c.objc; path = ViewController.m; sourceTree = "<group>"; };
		D9C284E82AADE66B000ACD04 /* RootViewController.xib */ = {isa = PBXFileReference; lastKnownFileType = file.xib; path = RootViewController.xib; sourceTree = "<group>"; };
/* End PBXFileReference section */

/* Begin PBXFrameworksBuildPhase section */
		D9731B512AA4293600978063 /* Frameworks */ = {
			isa = PBXFrameworksBuildPhase;
			buildActionMask = 2147483647;
			files = (
			);
			runOnlyForDeploymentPostprocessing = 0;
		};
		D9C284C52AADE500000ACD04 /* Frameworks */ = {
			isa = PBXFrameworksBuildPhase;
			buildActionMask = 2147483647;
			files = (
			);
			runOnlyForDeploymentPostprocessing = 0;
		};
/* End PBXFrameworksBuildPhase section */

/* Begin PBXGroup section */
		D9731B4B2AA4293600978063 = {
			isa = PBXGroup;
			children = (
				D9731B562AA4293600978063 /* HelloIOS */,
				D9C284C92AADE500000ACD04 /* XibTest */,
				D9731B552AA4293600978063 /* Products */,
			);
			sourceTree = "<group>";
		};
		D9731B552AA4293600978063 /* Products */ = {
			isa = PBXGroup;
			children = (
				D9731B542AA4293600978063 /* HelloIOS.app */,
				D9C284C82AADE500000ACD04 /* XibTest.app */,
			);
			name = Products;
			sourceTree = "<group>";
		};
		D9731B562AA4293600978063 /* HelloIOS */ = {
			isa = PBXGroup;
			children = (
				D9B8EEC12C29270B005C8710 /* ViewControllers */,
				D9731B572AA4293600978063 /* AppDelegate.h */,
				D9731B582AA4293600978063 /* AppDelegate.m */,
				D9731B5A2AA4293600978063 /* SceneDelegate.h */,
				D9731B5B2AA4293600978063 /* SceneDelegate.m */,
				D9731B602AA4293600978063 /* Main.storyboard */,
				D9731B632AA4293700978063 /* Assets.xcassets */,
				D9731B652AA4293700978063 /* LaunchScreen.storyboard */,
				D9731B682AA4293700978063 /* Info.plist */,
				D9731B692AA4293700978063 /* main.m */,
				D9B8EEBE2C29257F005C8710 /* ViewController.h */,
				D9B8EEBF2C29257F005C8710 /* ViewController.m */,
				D93C86EF2C22AB850092B7E9 /* index.html */,
			);
			path = HelloIOS;
			sourceTree = "<group>";
		};
		D9B8EEC12C29270B005C8710 /* ViewControllers */ = {
			isa = PBXGroup;
			children = (
				D9731B5D2AA4293600978063 /* LabelAndTextFieldTestViewController.h */,
				D9731B5E2AA4293600978063 /* LabelAndTextFieldTestViewController.m */,
				D93C86C12C213DFA0092B7E9 /* SwitchSlideSegmentedControlTestViewController.h */,
				D93C86C22C213DFA0092B7E9 /* SwitchSlideSegmentedControlTestViewController.m */,
				D93C86DE2C228BDD0092B7E9 /* WebViewTestViewController.h */,
				D93C86DF2C228BDD0092B7E9 /* WebViewTestViewController.m */,
				D974CCA42C2BAF8B00E4B9CC /* AlertActionSheetTestViewController.h */,
				D974CCA52C2BAF8B00E4B9CC /* AlertActionSheetTestViewController.m */,
				D974CCA72C2BCA4E00E4B9CC /* ActivityIndicatorProgressViewController.h */,
				D974CCA82C2BCA4E00E4B9CC /* ActivityIndicatorProgressViewController.m */,
				D974CCAA2C2E637E00E4B9CC /* ToolbarTestViewController.h */,
				D974CCAB2C2E637E00E4B9CC /* ToolbarTestViewController.m */,
				D974CCAD2C2E692900E4B9CC /* NavigationBarTestViewController.h */,
				D974CCAE2C2E692900E4B9CC /* NavigationBarTestViewController.m */,
				D9B471B12C3B91C200255731 /* DatePickerTestViewController.h */,
				D9B471B22C3B91C200255731 /* DatePickerTestViewController.m */,
			);
			path = ViewControllers;
			sourceTree = "<group>";
		};
		D9C284C92AADE500000ACD04 /* XibTest */ = {
			isa = PBXGroup;
			children = (
				D9C284CA2AADE500000ACD04 /* AppDelegate.h */,
				D9C284CB2AADE500000ACD04 /* AppDelegate.m */,
				D9C284CD2AADE500000ACD04 /* SceneDelegate.h */,
				D9C284CE2AADE500000ACD04 /* SceneDelegate.m */,
				D9C284D62AADE501000ACD04 /* Assets.xcassets */,
				D9C284D82AADE501000ACD04 /* LaunchScreen.storyboard */,
				D9C284DB2AADE501000ACD04 /* Info.plist */,
				D9C284DC2AADE501000ACD04 /* main.m */,
				D9C284E62AADE66B000ACD04 /* ViewController.h */,
				D9C284E72AADE66B000ACD04 /* ViewController.m */,
				D9C284E82AADE66B000ACD04 /* RootViewController.xib */,
			);
			path = XibTest;
			sourceTree = "<group>";
		};
/* End PBXGroup section */

/* Begin PBXNativeTarget section */
		D9731B532AA4293600978063 /* HelloIOS */ = {
			isa = PBXNativeTarget;
			buildConfigurationList = D9731B832AA4293700978063 /* Build configuration list for PBXNativeTarget "HelloIOS" */;
			buildPhases = (
				D9731B502AA4293600978063 /* Sources */,
				D9731B512AA4293600978063 /* Frameworks */,
				D9731B522AA4293600978063 /* Resources */,
			);
			buildRules = (
			);
			dependencies = (
			);
			name = HelloIOS;
			productName = HelloIOS;
			productReference = D9731B542AA4293600978063 /* HelloIOS.app */;
			productType = "com.apple.product-type.application";
		};
		D9C284C72AADE500000ACD04 /* XibTest */ = {
			isa = PBXNativeTarget;
			buildConfigurationList = D9C284DE2AADE501000ACD04 /* Build configuration list for PBXNativeTarget "XibTest" */;
			buildPhases = (
				D9C284C42AADE500000ACD04 /* Sources */,
				D9C284C52AADE500000ACD04 /* Frameworks */,
				D9C284C62AADE500000ACD04 /* Resources */,
			);
			buildRules = (
			);
			dependencies = (
			);
			name = XibTest;
			productName = XibTest;
			productReference = D9C284C82AADE500000ACD04 /* XibTest.app */;
			productType = "com.apple.product-type.application";
		};
/* End PBXNativeTarget section */

/* Begin PBXProject section */
		D9731B4C2AA4293600978063 /* Project object */ = {
			isa = PBXProject;
			attributes = {
				BuildIndependentTargetsInParallel = 1;
				LastUpgradeCheck = 1430;
				TargetAttributes = {
					D9731B532AA4293600978063 = {
						CreatedOnToolsVersion = 14.3.1;
					};
					D9C284C72AADE500000ACD04 = {
						CreatedOnToolsVersion = 14.3.1;
					};
				};
			};
			buildConfigurationList = D9731B4F2AA4293600978063 /* Build configuration list for PBXProject "HelloIOS" */;
			compatibilityVersion = "Xcode 14.0";
			developmentRegion = en;
			hasScannedForEncodings = 0;
			knownRegions = (
				en,
				Base,
			);
			mainGroup = D9731B4B2AA4293600978063;
			productRefGroup = D9731B552AA4293600978063 /* Products */;
			projectDirPath = "";
			projectRoot = "";
			targets = (
				D9731B532AA4293600978063 /* HelloIOS */,
				D9C284C72AADE500000ACD04 /* XibTest */,
			);
		};
/* End PBXProject section */

/* Begin PBXResourcesBuildPhase section */
		D9731B522AA4293600978063 /* Resources */ = {
			isa = PBXResourcesBuildPhase;
			buildActionMask = 2147483647;
			files = (
				D9731B672AA4293700978063 /* LaunchScreen.storyboard in Resources */,
				D9B8EEE62C295E72005C8710 /* index.html in Resources */,
				D9731B642AA4293700978063 /* Assets.xcassets in Resources */,
				D9731B622AA4293600978063 /* Main.storyboard in Resources */,
			);
			runOnlyForDeploymentPostprocessing = 0;
		};
		D9C284C62AADE500000ACD04 /* Resources */ = {
			isa = PBXResourcesBuildPhase;
			buildActionMask = 2147483647;
			files = (
				D9C284DA2AADE501000ACD04 /* LaunchScreen.storyboard in Resources */,
				D9C284D72AADE501000ACD04 /* Assets.xcassets in Resources */,
				D9C284EA2AADE66B000ACD04 /* RootViewController.xib in Resources */,
			);
			runOnlyForDeploymentPostprocessing = 0;
		};
/* End PBXResourcesBuildPhase section */

/* Begin PBXSourcesBuildPhase section */
		D9731B502AA4293600978063 /* Sources */ = {
			isa = PBXSourcesBuildPhase;
			buildActionMask = 2147483647;
			files = (
				D974CCAC2C2E637E00E4B9CC /* ToolbarTestViewController.m in Sources */,
				D9B8EEC22C2959E7005C8710 /* SwitchSlideSegmentedControlTestViewController.m in Sources */,
				D9731B5F2AA4293600978063 /* LabelAndTextFieldTestViewController.m in Sources */,
				D9731B592AA4293600978063 /* AppDelegate.m in Sources */,
				D9B471B32C3B91C200255731 /* DatePickerTestViewController.m in Sources */,
				D9731B6A2AA4293700978063 /* main.m in Sources */,
				D974CCA92C2BCA4E00E4B9CC /* ActivityIndicatorProgressViewController.m in Sources */,
				D9B8EEC32C295B2B005C8710 /* WebViewTestViewController.m in Sources */,
				D974CCA62C2BAF8B00E4B9CC /* AlertActionSheetTestViewController.m in Sources */,
				D9731B5C2AA4293600978063 /* SceneDelegate.m in Sources */,
				D974CCAF2C2E692900E4B9CC /* NavigationBarTestViewController.m in Sources */,
				D9B8EEC02C29257F005C8710 /* ViewController.m in Sources */,
			);
			runOnlyForDeploymentPostprocessing = 0;
		};
		D9C284C42AADE500000ACD04 /* Sources */ = {
			isa = PBXSourcesBuildPhase;
			buildActionMask = 2147483647;
			files = (
				D9C284CC2AADE500000ACD04 /* AppDelegate.m in Sources */,
				D9C284DD2AADE501000ACD04 /* main.m in Sources */,
				D9C284E92AADE66B000ACD04 /* ViewController.m in Sources */,
				D9C284CF2AADE500000ACD04 /* SceneDelegate.m in Sources */,
			);
			runOnlyForDeploymentPostprocessing = 0;
		};
/* End PBXSourcesBuildPhase section */

/* Begin PBXVariantGroup section */
		D9731B602AA4293600978063 /* Main.storyboard */ = {
			isa = PBXVariantGroup;
			children = (
				D9731B612AA4293600978063 /* Base */,
			);
			name = Main.storyboard;
			sourceTree = "<group>";
		};
		D9731B652AA4293700978063 /* LaunchScreen.storyboard */ = {
			isa = PBXVariantGroup;
			children = (
				D9731B662AA4293700978063 /* Base */,
			);
			name = LaunchScreen.storyboard;
			sourceTree = "<group>";
		};
		D9C284D82AADE501000ACD04 /* LaunchScreen.storyboard */ = {
			isa = PBXVariantGroup;
			children = (
				D9C284D92AADE501000ACD04 /* Base */,
			);
			name = LaunchScreen.storyboard;
			sourceTree = "<group>";
		};
/* End PBXVariantGroup section */

/* Begin XCBuildConfiguration section */
		D9731B812AA4293700978063 /* Debug */ = {
			isa = XCBuildConfiguration;
			buildSettings = {
				ALWAYS_SEARCH_USER_PATHS = NO;
				CLANG_ANALYZER_NONNULL = YES;
				CLANG_ANALYZER_NUMBER_OBJECT_CONVERSION = YES_AGGRESSIVE;
				CLANG_CXX_LANGUAGE_STANDARD = "gnu++20";
				CLANG_ENABLE_MODULES = YES;
				CLANG_ENABLE_OBJC_ARC = YES;
				CLANG_ENABLE_OBJC_WEAK = YES;
				CLANG_WARN_BLOCK_CAPTURE_AUTORELEASING = YES;
				CLANG_WARN_BOOL_CONVERSION = YES;
				CLANG_WARN_COMMA = YES;
				CLANG_WARN_CONSTANT_CONVERSION = YES;
				CLANG_WARN_DEPRECATED_OBJC_IMPLEMENTATIONS = YES;
				CLANG_WARN_DIRECT_OBJC_ISA_USAGE = YES_ERROR;
				CLANG_WARN_DOCUMENTATION_COMMENTS = YES;
				CLANG_WARN_EMPTY_BODY = YES;
				CLANG_WARN_ENUM_CONVERSION = YES;
				CLANG_WARN_INFINITE_RECURSION = YES;
				CLANG_WARN_INT_CONVERSION = YES;
				CLANG_WARN_NON_LITERAL_NULL_CONVERSION = YES;
				CLANG_WARN_OBJC_IMPLICIT_RETAIN_SELF = YES;
				CLANG_WARN_OBJC_LITERAL_CONVERSION = YES;
				CLANG_WARN_OBJC_ROOT_CLASS = YES_ERROR;
				CLANG_WARN_QUOTED_INCLUDE_IN_FRAMEWORK_HEADER = YES;
				CLANG_WARN_RANGE_LOOP_ANALYSIS = YES;
				CLANG_WARN_STRICT_PROTOTYPES = YES;
				CLANG_WARN_SUSPICIOUS_MOVE = YES;
				CLANG_WARN_UNGUARDED_AVAILABILITY = YES_AGGRESSIVE;
				CLANG_WARN_UNREACHABLE_CODE = YES;
				CLANG_WARN__DUPLICATE_METHOD_MATCH = YES;
				COPY_PHASE_STRIP = NO;
				DEBUG_INFORMATION_FORMAT = dwarf;
				ENABLE_STRICT_OBJC_MSGSEND = YES;
				ENABLE_TESTABILITY = YES;
				GCC_C_LANGUAGE_STANDARD = gnu11;
				GCC_DYNAMIC_NO_PIC = NO;
				GCC_NO_COMMON_BLOCKS = YES;
				GCC_OPTIMIZATION_LEVEL = 0;
				GCC_PREPROCESSOR_DEFINITIONS = (
					"DEBUG=1",
					"$(inherited)",
				);
				GCC_WARN_64_TO_32_BIT_CONVERSION = YES;
				GCC_WARN_ABOUT_RETURN_TYPE = YES_ERROR;
				GCC_WARN_UNDECLARED_SELECTOR = YES;
				GCC_WARN_UNINITIALIZED_AUTOS = YES_AGGRESSIVE;
				GCC_WARN_UNUSED_FUNCTION = YES;
				GCC_WARN_UNUSED_VARIABLE = YES;
				IPHONEOS_DEPLOYMENT_TARGET = 16.4;
				MTL_ENABLE_DEBUG_INFO = INCLUDE_SOURCE;
				MTL_FAST_MATH = YES;
				ONLY_ACTIVE_ARCH = YES;
				SDKROOT = iphoneos;
			};
			name = Debug;
		};
		D9731B822AA4293700978063 /* Release */ = {
			isa = XCBuildConfiguration;
			buildSettings = {
				ALWAYS_SEARCH_USER_PATHS = NO;
				CLANG_ANALYZER_NONNULL = YES;
				CLANG_ANALYZER_NUMBER_OBJECT_CONVERSION = YES_AGGRESSIVE;
				CLANG_CXX_LANGUAGE_STANDARD = "gnu++20";
				CLANG_ENABLE_MODULES = YES;
				CLANG_ENABLE_OBJC_ARC = YES;
				CLANG_ENABLE_OBJC_WEAK = YES;
				CLANG_WARN_BLOCK_CAPTURE_AUTORELEASING = YES;
				CLANG_WARN_BOOL_CONVERSION = YES;
				CLANG_WARN_COMMA = YES;
				CLANG_WARN_CONSTANT_CONVERSION = YES;
				CLANG_WARN_DEPRECATED_OBJC_IMPLEMENTATIONS = YES;
				CLANG_WARN_DIRECT_OBJC_ISA_USAGE = YES_ERROR;
				CLANG_WARN_DOCUMENTATION_COMMENTS = YES;
				CLANG_WARN_EMPTY_BODY = YES;
				CLANG_WARN_ENUM_CONVERSION = YES;
				CLANG_WARN_INFINITE_RECURSION = YES;
				CLANG_WARN_INT_CONVERSION = YES;
				CLANG_WARN_NON_LITERAL_NULL_CONVERSION = YES;
				CLANG_WARN_OBJC_IMPLICIT_RETAIN_SELF = YES;
				CLANG_WARN_OBJC_LITERAL_CONVERSION = YES;
				CLANG_WARN_OBJC_ROOT_CLASS = YES_ERROR;
				CLANG_WARN_QUOTED_INCLUDE_IN_FRAMEWORK_HEADER = YES;
				CLANG_WARN_RANGE_LOOP_ANALYSIS = YES;
				CLANG_WARN_STRICT_PROTOTYPES = YES;
				CLANG_WARN_SUSPICIOUS_MOVE = YES;
				CLANG_WARN_UNGUARDED_AVAILABILITY = YES_AGGRESSIVE;
				CLANG_WARN_UNREACHABLE_CODE = YES;
				CLANG_WARN__DUPLICATE_METHOD_MATCH = YES;
				COPY_PHASE_STRIP = NO;
				DEBUG_INFORMATION_FORMAT = "dwarf-with-dsym";
				ENABLE_NS_ASSERTIONS = NO;
				ENABLE_STRICT_OBJC_MSGSEND = YES;
				GCC_C_LANGUAGE_STANDARD = gnu11;
				GCC_NO_COMMON_BLOCKS = YES;
				GCC_WARN_64_TO_32_BIT_CONVERSION = YES;
				GCC_WARN_ABOUT_RETURN_TYPE = YES_ERROR;
				GCC_WARN_UNDECLARED_SELECTOR = YES;
				GCC_WARN_UNINITIALIZED_AUTOS = YES_AGGRESSIVE;
				GCC_WARN_UNUSED_FUNCTION = YES;
				GCC_WARN_UNUSED_VARIABLE = YES;
				IPHONEOS_DEPLOYMENT_TARGET = 16.4;
				MTL_ENABLE_DEBUG_INFO = NO;
				MTL_FAST_MATH = YES;
				SDKROOT = iphoneos;
				VALIDATE_PRODUCT = YES;
			};
			name = Release;
		};
		D9731B842AA4293700978063 /* Debug */ = {
			isa = XCBuildConfiguration;
			buildSettings = {
				ASSETCATALOG_COMPILER_APPICON_NAME = AppIcon;
				ASSETCATALOG_COMPILER_GLOBAL_ACCENT_COLOR_NAME = AccentColor;
				CODE_SIGN_STYLE = Automatic;
				CURRENT_PROJECT_VERSION = 1;
				DEVELOPMENT_TEAM = KX6PUAUD67;
				GENERATE_INFOPLIST_FILE = YES;
				INFOPLIST_FILE = HelloIOS/Info.plist;
				INFOPLIST_KEY_UIApplicationSupportsIndirectInputEvents = YES;
				INFOPLIST_KEY_UILaunchStoryboardName = LaunchScreen;
				INFOPLIST_KEY_UIMainStoryboardFile = Main;
				INFOPLIST_KEY_UISupportedInterfaceOrientations_iPad = "UIInterfaceOrientationPortrait UIInterfaceOrientationPortraitUpsideDown UIInterfaceOrientationLandscapeLeft UIInterfaceOrientationLandscapeRight";
				INFOPLIST_KEY_UISupportedInterfaceOrientations_iPhone = "UIInterfaceOrientationPortrait UIInterfaceOrientationLandscapeLeft UIInterfaceOrientationLandscapeRight";
				LD_RUNPATH_SEARCH_PATHS = (
					"$(inherited)",
					"@executable_path/Frameworks",
				);
				MARKETING_VERSION = 1.0;
				PRODUCT_BUNDLE_IDENTIFIER = org.mazhuang.HelloIOS;
				PRODUCT_NAME = "$(TARGET_NAME)";
				SWIFT_EMIT_LOC_STRINGS = YES;
				TARGETED_DEVICE_FAMILY = "1,2";
			};
			name = Debug;
		};
		D9731B852AA4293700978063 /* Release */ = {
			isa = XCBuildConfiguration;
			buildSettings = {
				ASSETCATALOG_COMPILER_APPICON_NAME = AppIcon;
				ASSETCATALOG_COMPILER_GLOBAL_ACCENT_COLOR_NAME = AccentColor;
				CODE_SIGN_STYLE = Automatic;
				CURRENT_PROJECT_VERSION = 1;
				DEVELOPMENT_TEAM = KX6PUAUD67;
				GENERATE_INFOPLIST_FILE = YES;
				INFOPLIST_FILE = HelloIOS/Info.plist;
				INFOPLIST_KEY_UIApplicationSupportsIndirectInputEvents = YES;
				INFOPLIST_KEY_UILaunchStoryboardName = LaunchScreen;
				INFOPLIST_KEY_UIMainStoryboardFile = Main;
				INFOPLIST_KEY_UISupportedInterfaceOrientations_iPad = "UIInterfaceOrientationPortrait UIInterfaceOrientationPortraitUpsideDown UIInterfaceOrientationLandscapeLeft UIInterfaceOrientationLandscapeRight";
				INFOPLIST_KEY_UISupportedInterfaceOrientations_iPhone = "UIInterfaceOrientationPortrait UIInterfaceOrientationLandscapeLeft UIInterfaceOrientationLandscapeRight";
				LD_RUNPATH_SEARCH_PATHS = (
					"$(inherited)",
					"@executable_path/Frameworks",
				);
				MARKETING_VERSION = 1.0;
				PRODUCT_BUNDLE_IDENTIFIER = org.mazhuang.HelloIOS;
				PRODUCT_NAME = "$(TARGET_NAME)";
				SWIFT_EMIT_LOC_STRINGS = YES;
				TARGETED_DEVICE_FAMILY = "1,2";
			};
			name = Release;
		};
		D9C284DF2AADE501000ACD04 /* Debug */ = {
			isa = XCBuildConfiguration;
			buildSettings = {
				ASSETCATALOG_COMPILER_APPICON_NAME = AppIcon;
				ASSETCATALOG_COMPILER_GLOBAL_ACCENT_COLOR_NAME = AccentColor;
				CODE_SIGN_STYLE = Automatic;
				CURRENT_PROJECT_VERSION = 1;
				GENERATE_INFOPLIST_FILE = YES;
				INFOPLIST_FILE = XibTest/Info.plist;
				INFOPLIST_KEY_UIApplicationSupportsIndirectInputEvents = YES;
				INFOPLIST_KEY_UILaunchStoryboardName = LaunchScreen;
				INFOPLIST_KEY_UIMainStoryboardFile = Main;
				INFOPLIST_KEY_UISupportedInterfaceOrientations_iPad = "UIInterfaceOrientationPortrait UIInterfaceOrientationPortraitUpsideDown UIInterfaceOrientationLandscapeLeft UIInterfaceOrientationLandscapeRight";
				INFOPLIST_KEY_UISupportedInterfaceOrientations_iPhone = "UIInterfaceOrientationPortrait UIInterfaceOrientationLandscapeLeft UIInterfaceOrientationLandscapeRight";
				LD_RUNPATH_SEARCH_PATHS = (
					"$(inherited)",
					"@executable_path/Frameworks",
				);
				MARKETING_VERSION = 1.0;
				PRODUCT_BUNDLE_IDENTIFIER = org.mazhuang.XibTest;
				PRODUCT_NAME = "$(TARGET_NAME)";
				SWIFT_EMIT_LOC_STRINGS = YES;
				TARGETED_DEVICE_FAMILY = "1,2";
			};
			name = Debug;
		};
		D9C284E02AADE501000ACD04 /* Release */ = {
			isa = XCBuildConfiguration;
			buildSettings = {
				ASSETCATALOG_COMPILER_APPICON_NAME = AppIcon;
				ASSETCATALOG_COMPILER_GLOBAL_ACCENT_COLOR_NAME = AccentColor;
				CODE_SIGN_STYLE = Automatic;
				CURRENT_PROJECT_VERSION = 1;
				GENERATE_INFOPLIST_FILE = YES;
				INFOPLIST_FILE = XibTest/Info.plist;
				INFOPLIST_KEY_UIApplicationSupportsIndirectInputEvents = YES;
				INFOPLIST_KEY_UILaunchStoryboardName = LaunchScreen;
				INFOPLIST_KEY_UIMainStoryboardFile = Main;
				INFOPLIST_KEY_UISupportedInterfaceOrientations_iPad = "UIInterfaceOrientationPortrait UIInterfaceOrientationPortraitUpsideDown UIInterfaceOrientationLandscapeLeft UIInterfaceOrientationLandscapeRight";
				INFOPLIST_KEY_UISupportedInterfaceOrientations_iPhone = "UIInterfaceOrientationPortrait UIInterfaceOrientationLandscapeLeft UIInterfaceOrientationLandscapeRight";
				LD_RUNPATH_SEARCH_PATHS = (
					"$(inherited)",
					"@executable_path/Frameworks",
				);
				MARKETING_VERSION = 1.0;
				PRODUCT_BUNDLE_IDENTIFIER = org.mazhuang.XibTest;
				PRODUCT_NAME = "$(TARGET_NAME)";
				SWIFT_EMIT_LOC_STRINGS = YES;
				TARGETED_DEVICE_FAMILY = "1,2";
			};
			name = Release;
		};
/* End XCBuildConfiguration section */

/* Begin XCConfigurationList section */
		D9731B4F2AA4293600978063 /* Build configuration list for PBXProject "HelloIOS" */ = {
			isa = XCConfigurationList;
			buildConfigurations = (
				D9731B812AA4293700978063 /* Debug */,
				D9731B822AA4293700978063 /* Release */,
			);
			defaultConfigurationIsVisible = 0;
			defaultConfigurationName = Release;
		};
		D9731B832AA4293700978063 /* Build configuration list for PBXNativeTarget "HelloIOS" */ = {
			isa = XCConfigurationList;
			buildConfigurations = (
				D9731B842AA4293700978063 /* Debug */,
				D9731B852AA4293700978063 /* Release */,
			);
			defaultConfigurationIsVisible = 0;
			defaultConfigurationName = Release;
		};
		D9C284DE2AADE501000ACD04 /* Build configuration list for PBXNativeTarget "XibTest" */ = {
			isa = XCConfigurationList;
			buildConfigurations = (
				D9C284DF2AADE501000ACD04 /* Debug */,
				D9C284E02AADE501000ACD04 /* Release */,
			);
			defaultConfigurationIsVisible = 0;
			defaultConfigurationName = Release;
		};
/* End XCConfigurationList section */
	};
	rootObject = D9731B4C2AA4293600978063 /* Project object */;
}
