// !$*UTF8*$!
{
	archiveVersion = 1;
	classes = {
	};
	objectVersion = 56;
	objects = {

/* Begin PBXBuildFile section */
		D922A6102BC24C43009851FB /* Nanny.m in Sources */ = {isa = PBXBuildFile; fileRef = D922A60F2BC24C43009851FB /* Nanny.m */; };
		D922A6132BCE1F6F009851FB /* Car.m in Sources */ = {isa = PBXBuildFile; fileRef = D922A6122BCE1F6F009851FB /* Car.m */; };
		D9770FBF2C2FBCA000EBD6B0 /* NSDate+NewFunction.m in Sources */ = {isa = PBXBuildFile; fileRef = D9770FBE2C2FBCA000EBD6B0 /* NSDate+NewFunction.m */; };
		D99175C02BCF76E5002EF2A6 /* Worker.m in Sources */ = {isa = PBXBuildFile; fileRef = D99175BF2BCF76E5002EF2A6 /* Worker.m */; };
		D9D3FC862BA926C60003869A /* main.m in Sources */ = {isa = PBXBuildFile; fileRef = D9D3FC852BA926C60003869A /* main.m */; };
		D9D3FC8E2BA9382A0003869A /* Person.m in Sources */ = {isa = PBXBuildFile; fileRef = D9D3FC8D2BA9382A0003869A /* Person.m */; };
		D9D3FC912BAA927A0003869A /* Person+NewFunction.m in Sources */ = {isa = PBXBuildFile; fileRef = D9D3FC902BAA927A0003869A /* Person+NewFunction.m */; };
		D9D3FC942BAA93E20003869A /* Children.m in Sources */ = {isa = PBXBuildFile; fileRef = D9D3FC932BAA93E20003869A /* Children.m */; };
/* End PBXBuildFile section */

/* Begin PBXCopyFilesBuildPhase section */
		D9D3FC802BA926C60003869A /* CopyFiles */ = {
			isa = PBXCopyFilesBuildPhase;
			buildActionMask = 2147483647;
			dstPath = /usr/share/man/man1/;
			dstSubfolderSpec = 0;
			files = (
			);
			runOnlyForDeploymentPostprocessing = 1;
		};
/* End PBXCopyFilesBuildPhase section */

/* Begin PBXFileReference section */
		D922A60E2BC24C43009851FB /* Nanny.h */ = {isa = PBXFileReference; lastKnownFileType = sourcecode.c.h; path = Nanny.h; sourceTree = "<group>"; };
		D922A60F2BC24C43009851FB /* Nanny.m */ = {isa = PBXFileReference; lastKnownFileType = sourcecode.c.objc; path = Nanny.m; sourceTree = "<group>"; };
		D922A6112BCE1F6F009851FB /* Car.h */ = {isa = PBXFileReference; lastKnownFileType = sourcecode.c.h; path = Car.h; sourceTree = "<group>"; };
		D922A6122BCE1F6F009851FB /* Car.m */ = {isa = PBXFileReference; lastKnownFileType = sourcecode.c.objc; path = Car.m; sourceTree = "<group>"; };
		D9770FBD2C2FBCA000EBD6B0 /* NSDate+NewFunction.h */ = {isa = PBXFileReference; lastKnownFileType = sourcecode.c.h; path = "NSDate+NewFunction.h"; sourceTree = "<group>"; };
		D9770FBE2C2FBCA000EBD6B0 /* NSDate+NewFunction.m */ = {isa = PBXFileReference; lastKnownFileType = sourcecode.c.objc; path = "NSDate+NewFunction.m"; sourceTree = "<group>"; };
		D99175BE2BCF76E5002EF2A6 /* Worker.h */ = {isa = PBXFileReference; lastKnownFileType = sourcecode.c.h; path = Worker.h; sourceTree = "<group>"; };
		D99175BF2BCF76E5002EF2A6 /* Worker.m */ = {isa = PBXFileReference; lastKnownFileType = sourcecode.c.objc; path = Worker.m; sourceTree = "<group>"; };
		D9D3FC822BA926C60003869A /* OcDemo */ = {isa = PBXFileReference; explicitFileType = "compiled.mach-o.executable"; includeInIndex = 0; path = OcDemo; sourceTree = BUILT_PRODUCTS_DIR; };
		D9D3FC852BA926C60003869A /* main.m */ = {isa = PBXFileReference; lastKnownFileType = sourcecode.c.objc; path = main.m; sourceTree = "<group>"; };
		D9D3FC8C2BA9382A0003869A /* Person.h */ = {isa = PBXFileReference; lastKnownFileType = sourcecode.c.h; path = Person.h; sourceTree = "<group>"; };
		D9D3FC8D2BA9382A0003869A /* Person.m */ = {isa = PBXFileReference; lastKnownFileType = sourcecode.c.objc; path = Person.m; sourceTree = "<group>"; };
		D9D3FC8F2BAA927A0003869A /* Person+NewFunction.h */ = {isa = PBXFileReference; lastKnownFileType = sourcecode.c.h; path = "Person+NewFunction.h"; sourceTree = "<group>"; };
		D9D3FC902BAA927A0003869A /* Person+NewFunction.m */ = {isa = PBXFileReference; lastKnownFileType = sourcecode.c.objc; path = "Person+NewFunction.m"; sourceTree = "<group>"; };
		D9D3FC922BAA93E20003869A /* Children.h */ = {isa = PBXFileReference; lastKnownFileType = sourcecode.c.h; path = Children.h; sourceTree = "<group>"; };
		D9D3FC932BAA93E20003869A /* Children.m */ = {isa = PBXFileReference; lastKnownFileType = sourcecode.c.objc; path = Children.m; sourceTree = "<group>"; };
/* End PBXFileReference section */

/* Begin PBXFrameworksBuildPhase section */
		D9D3FC7F2BA926C60003869A /* Frameworks */ = {
			isa = PBXFrameworksBuildPhase;
			buildActionMask = 2147483647;
			files = (
			);
			runOnlyForDeploymentPostprocessing = 0;
		};
/* End PBXFrameworksBuildPhase section */

/* Begin PBXGroup section */
		D9D3FC792BA926C60003869A = {
			isa = PBXGroup;
			children = (
				D9D3FC842BA926C60003869A /* OcDemo */,
				D9D3FC832BA926C60003869A /* Products */,
			);
			sourceTree = "<group>";
		};
		D9D3FC832BA926C60003869A /* Products */ = {
			isa = PBXGroup;
			children = (
				D9D3FC822BA926C60003869A /* OcDemo */,
			);
			name = Products;
			sourceTree = "<group>";
		};
		D9D3FC842BA926C60003869A /* OcDemo */ = {
			isa = PBXGroup;
			children = (
				D9D3FC852BA926C60003869A /* main.m */,
				D9D3FC8C2BA9382A0003869A /* Person.h */,
				D9D3FC8D2BA9382A0003869A /* Person.m */,
				D9D3FC8F2BAA927A0003869A /* Person+NewFunction.h */,
				D9D3FC902BAA927A0003869A /* Person+NewFunction.m */,
				D9D3FC922BAA93E20003869A /* Children.h */,
				D9D3FC932BAA93E20003869A /* Children.m */,
				D922A60E2BC24C43009851FB /* Nanny.h */,
				D922A60F2BC24C43009851FB /* Nanny.m */,
				D922A6112BCE1F6F009851FB /* Car.h */,
				D922A6122BCE1F6F009851FB /* Car.m */,
				D99175BE2BCF76E5002EF2A6 /* Worker.h */,
				D99175BF2BCF76E5002EF2A6 /* Worker.m */,
				D9770FBD2C2FBCA000EBD6B0 /* NSDate+NewFunction.h */,
				D9770FBE2C2FBCA000EBD6B0 /* NSDate+NewFunction.m */,
			);
			path = OcDemo;
			sourceTree = "<group>";
		};
/* End PBXGroup section */

/* Begin PBXNativeTarget section */
		D9D3FC812BA926C60003869A /* OcDemo */ = {
			isa = PBXNativeTarget;
			buildConfigurationList = D9D3FC892BA926C60003869A /* Build configuration list for PBXNativeTarget "OcDemo" */;
			buildPhases = (
				D9D3FC7E2BA926C60003869A /* Sources */,
				D9D3FC7F2BA926C60003869A /* Frameworks */,
				D9D3FC802BA926C60003869A /* CopyFiles */,
			);
			buildRules = (
			);
			dependencies = (
			);
			name = OcDemo;
			productName = OcDemo;
			productReference = D9D3FC822BA926C60003869A /* OcDemo */;
			productType = "com.apple.product-type.tool";
		};
/* End PBXNativeTarget section */

/* Begin PBXProject section */
		D9D3FC7A2BA926C60003869A /* Project object */ = {
			isa = PBXProject;
			attributes = {
				BuildIndependentTargetsInParallel = 1;
				LastUpgradeCheck = 1530;
				TargetAttributes = {
					D9D3FC812BA926C60003869A = {
						CreatedOnToolsVersion = 15.3;
					};
				};
			};
			buildConfigurationList = D9D3FC7D2BA926C60003869A /* Build configuration list for PBXProject "OcDemo" */;
			compatibilityVersion = "Xcode 14.0";
			developmentRegion = en;
			hasScannedForEncodings = 0;
			knownRegions = (
				en,
				Base,
			);
			mainGroup = D9D3FC792BA926C60003869A;
			productRefGroup = D9D3FC832BA926C60003869A /* Products */;
			projectDirPath = "";
			projectRoot = "";
			targets = (
				D9D3FC812BA926C60003869A /* OcDemo */,
			);
		};
/* End PBXProject section */

/* Begin PBXSourcesBuildPhase section */
		D9D3FC7E2BA926C60003869A /* Sources */ = {
			isa = PBXSourcesBuildPhase;
			buildActionMask = 2147483647;
			files = (
				D922A6132BCE1F6F009851FB /* Car.m in Sources */,
				D9770FBF2C2FBCA000EBD6B0 /* NSDate+NewFunction.m in Sources */,
				D99175C02BCF76E5002EF2A6 /* Worker.m in Sources */,
				D9D3FC862BA926C60003869A /* main.m in Sources */,
				D9D3FC8E2BA9382A0003869A /* Person.m in Sources */,
				D9D3FC942BAA93E20003869A /* Children.m in Sources */,
				D9D3FC912BAA927A0003869A /* Person+NewFunction.m in Sources */,
				D922A6102BC24C43009851FB /* Nanny.m in Sources */,
			);
			runOnlyForDeploymentPostprocessing = 0;
		};
/* End PBXSourcesBuildPhase section */

/* Begin XCBuildConfiguration section */
		D9D3FC872BA926C60003869A /* Debug */ = {
			isa = XCBuildConfiguration;
			buildSettings = {
				ALWAYS_SEARCH_USER_PATHS = NO;
				ASSETCATALOG_COMPILER_GENERATE_SWIFT_ASSET_SYMBOL_EXTENSIONS = YES;
				CLANG_ANALYZER_NONNULL = YES;
				CLANG_ANALYZER_NUMBER_OBJECT_CONVERSION = YES_AGGRESSIVE;
				CLANG_CXX_LANGUAGE_STANDARD = "gnu++20";
				CLANG_ENABLE_MODULES = YES;
				CLANG_ENABLE_OBJC_ARC = YES;
				CLANG_ENABLE_OBJC_WEAK = YES;
				CLANG_WARN_BLOCK_CAPTURE_AUTORELEASING = YES;
				CLANG_WARN_BOOL_CONVERSION = YES;
				CLANG_WARN_COMMA = YES;
				CLANG_WARN_CONSTANT_CONVERSION = YES;
				CLANG_WARN_DEPRECATED_OBJC_IMPLEMENTATIONS = YES;
				CLANG_WARN_DIRECT_OBJC_ISA_USAGE = YES_ERROR;
				CLANG_WARN_DOCUMENTATION_COMMENTS = YES;
				CLANG_WARN_EMPTY_BODY = YES;
				CLANG_WARN_ENUM_CONVERSION = YES;
				CLANG_WARN_INFINITE_RECURSION = YES;
				CLANG_WARN_INT_CONVERSION = YES;
				CLANG_WARN_NON_LITERAL_NULL_CONVERSION = YES;
				CLANG_WARN_OBJC_IMPLICIT_RETAIN_SELF = YES;
				CLANG_WARN_OBJC_LITERAL_CONVERSION = YES;
				CLANG_WARN_OBJC_ROOT_CLASS = YES_ERROR;
				CLANG_WARN_QUOTED_INCLUDE_IN_FRAMEWORK_HEADER = YES;
				CLANG_WARN_RANGE_LOOP_ANALYSIS = YES;
				CLANG_WARN_STRICT_PROTOTYPES = YES;
				CLANG_WARN_SUSPICIOUS_MOVE = YES;
				CLANG_WARN_UNGUARDED_AVAILABILITY = YES_AGGRESSIVE;
				CLANG_WARN_UNREACHABLE_CODE = YES;
				CLANG_WARN__DUPLICATE_METHOD_MATCH = YES;
				COPY_PHASE_STRIP = NO;
				DEBUG_INFORMATION_FORMAT = dwarf;
				ENABLE_STRICT_OBJC_MSGSEND = YES;
				ENABLE_TESTABILITY = YES;
				ENABLE_USER_SCRIPT_SANDBOXING = YES;
				GCC_C_LANGUAGE_STANDARD = gnu17;
				GCC_DYNAMIC_NO_PIC = NO;
				GCC_NO_COMMON_BLOCKS = YES;
				GCC_OPTIMIZATION_LEVEL = 0;
				GCC_PREPROCESSOR_DEFINITIONS = (
					"DEBUG=1",
					"$(inherited)",
				);
				GCC_WARN_64_TO_32_BIT_CONVERSION = YES;
				GCC_WARN_ABOUT_RETURN_TYPE = YES_ERROR;
				GCC_WARN_UNDECLARED_SELECTOR = YES;
				GCC_WARN_UNINITIALIZED_AUTOS = YES_AGGRESSIVE;
				GCC_WARN_UNUSED_FUNCTION = YES;
				GCC_WARN_UNUSED_VARIABLE = YES;
				LOCALIZATION_PREFERS_STRING_CATALOGS = YES;
				MACOSX_DEPLOYMENT_TARGET = 14.4;
				MTL_ENABLE_DEBUG_INFO = INCLUDE_SOURCE;
				MTL_FAST_MATH = YES;
				ONLY_ACTIVE_ARCH = YES;
				SDKROOT = macosx;
			};
			name = Debug;
		};
		D9D3FC882BA926C60003869A /* Release */ = {
			isa = XCBuildConfiguration;
			buildSettings = {
				ALWAYS_SEARCH_USER_PATHS = NO;
				ASSETCATALOG_COMPILER_GENERATE_SWIFT_ASSET_SYMBOL_EXTENSIONS = YES;
				CLANG_ANALYZER_NONNULL = YES;
				CLANG_ANALYZER_NUMBER_OBJECT_CONVERSION = YES_AGGRESSIVE;
				CLANG_CXX_LANGUAGE_STANDARD = "gnu++20";
				CLANG_ENABLE_MODULES = YES;
				CLANG_ENABLE_OBJC_ARC = YES;
				CLANG_ENABLE_OBJC_WEAK = YES;
				CLANG_WARN_BLOCK_CAPTURE_AUTORELEASING = YES;
				CLANG_WARN_BOOL_CONVERSION = YES;
				CLANG_WARN_COMMA = YES;
				CLANG_WARN_CONSTANT_CONVERSION = YES;
				CLANG_WARN_DEPRECATED_OBJC_IMPLEMENTATIONS = YES;
				CLANG_WARN_DIRECT_OBJC_ISA_USAGE = YES_ERROR;
				CLANG_WARN_DOCUMENTATION_COMMENTS = YES;
				CLANG_WARN_EMPTY_BODY = YES;
				CLANG_WARN_ENUM_CONVERSION = YES;
				CLANG_WARN_INFINITE_RECURSION = YES;
				CLANG_WARN_INT_CONVERSION = YES;
				CLANG_WARN_NON_LITERAL_NULL_CONVERSION = YES;
				CLANG_WARN_OBJC_IMPLICIT_RETAIN_SELF = YES;
				CLANG_WARN_OBJC_LITERAL_CONVERSION = YES;
				CLANG_WARN_OBJC_ROOT_CLASS = YES_ERROR;
				CLANG_WARN_QUOTED_INCLUDE_IN_FRAMEWORK_HEADER = YES;
				CLANG_WARN_RANGE_LOOP_ANALYSIS = YES;
				CLANG_WARN_STRICT_PROTOTYPES = YES;
				CLANG_WARN_SUSPICIOUS_MOVE = YES;
				CLANG_WARN_UNGUARDED_AVAILABILITY = YES_AGGRESSIVE;
				CLANG_WARN_UNREACHABLE_CODE = YES;
				CLANG_WARN__DUPLICATE_METHOD_MATCH = YES;
				COPY_PHASE_STRIP = NO;
				DEBUG_INFORMATION_FORMAT = "dwarf-with-dsym";
				ENABLE_NS_ASSERTIONS = NO;
				ENABLE_STRICT_OBJC_MSGSEND = YES;
				ENABLE_USER_SCRIPT_SANDBOXING = YES;
				GCC_C_LANGUAGE_STANDARD = gnu17;
				GCC_NO_COMMON_BLOCKS = YES;
				GCC_WARN_64_TO_32_BIT_CONVERSION = YES;
				GCC_WARN_ABOUT_RETURN_TYPE = YES_ERROR;
				GCC_WARN_UNDECLARED_SELECTOR = YES;
				GCC_WARN_UNINITIALIZED_AUTOS = YES_AGGRESSIVE;
				GCC_WARN_UNUSED_FUNCTION = YES;
				GCC_WARN_UNUSED_VARIABLE = YES;
				LOCALIZATION_PREFERS_STRING_CATALOGS = YES;
				MACOSX_DEPLOYMENT_TARGET = 14.4;
				MTL_ENABLE_DEBUG_INFO = NO;
				MTL_FAST_MATH = YES;
				SDKROOT = macosx;
			};
			name = Release;
		};
		D9D3FC8A2BA926C60003869A /* Debug */ = {
			isa = XCBuildConfiguration;
			buildSettings = {
				CODE_SIGN_STYLE = Automatic;
				PRODUCT_NAME = "$(TARGET_NAME)";
			};
			name = Debug;
		};
		D9D3FC8B2BA926C60003869A /* Release */ = {
			isa = XCBuildConfiguration;
			buildSettings = {
				CODE_SIGN_STYLE = Automatic;
				PRODUCT_NAME = "$(TARGET_NAME)";
			};
			name = Release;
		};
/* End XCBuildConfiguration section */

/* Begin XCConfigurationList section */
		D9D3FC7D2BA926C60003869A /* Build configuration list for PBXProject "OcDemo" */ = {
			isa = XCConfigurationList;
			buildConfigurations = (
				D9D3FC872BA926C60003869A /* Debug */,
				D9D3FC882BA926C60003869A /* Release */,
			);
			defaultConfigurationIsVisible = 0;
			defaultConfigurationName = Release;
		};
		D9D3FC892BA926C60003869A /* Build configuration list for PBXNativeTarget "OcDemo" */ = {
			isa = XCConfigurationList;
			buildConfigurations = (
				D9D3FC8A2BA926C60003869A /* Debug */,
				D9D3FC8B2BA926C60003869A /* Release */,
			);
			defaultConfigurationIsVisible = 0;
			defaultConfigurationName = Release;
		};
/* End XCConfigurationList section */
	};
	rootObject = D9D3FC7A2BA926C60003869A /* Project object */;
}
